// !$*UTF8*$!
{
	archiveVersion = 1;
	classes = {
	};
	objectVersion = 50;
	objects = {

/* Begin PBXBuildFile section */
		3D98ADE225B130F50006D961 /* AppDelegate.swift in Sources */ = {isa = PBXBuildFile; fileRef = 3D98ADE125B130F50006D961 /* AppDelegate.swift */; };
		3D98ADE425B130F50006D961 /* ViewController.swift in Sources */ = {isa = PBXBuildFile; fileRef = 3D98ADE325B130F50006D961 /* ViewController.swift */; };
		3D98ADE725B130F50006D961 /* Main.storyboard in Resources */ = {isa = PBXBuildFile; fileRef = 3D98ADE525B130F50006D961 /* Main.storyboard */; };
		3D98ADE925B130F70006D961 /* Assets.xcassets in Resources */ = {isa = PBXBuildFile; fileRef = 3D98ADE825B130F70006D961 /* Assets.xcassets */; };
		3D98ADEC25B130F70006D961 /* LaunchScreen.storyboard in Resources */ = {isa = PBXBuildFile; fileRef = 3D98ADEA25B130F70006D961 /* LaunchScreen.storyboard */; };
		3D98ADF725B130F70006D961 /* TMDBTests.swift in Sources */ = {isa = PBXBuildFile; fileRef = 3D98ADF625B130F70006D961 /* TMDBTests.swift */; };
		3D98AE0225B130F70006D961 /* TMDBUITests.swift in Sources */ = {isa = PBXBuildFile; fileRef = 3D98AE0125B130F70006D961 /* TMDBUITests.swift */; };
		3D98AE1825B133A10006D961 /* Environment.swift in Sources */ = {isa = PBXBuildFile; fileRef = 3D98AE1725B133A10006D961 /* Environment.swift */; };
/* End PBXBuildFile section */

/* Begin PBXContainerItemProxy section */
		3D98ADF325B130F70006D961 /* PBXContainerItemProxy */ = {
			isa = PBXContainerItemProxy;
			containerPortal = 3D98ADD625B130F50006D961 /* Project object */;
			proxyType = 1;
			remoteGlobalIDString = 3D98ADDD25B130F50006D961;
			remoteInfo = TMDB;
		};
		3D98ADFE25B130F70006D961 /* PBXContainerItemProxy */ = {
			isa = PBXContainerItemProxy;
			containerPortal = 3D98ADD625B130F50006D961 /* Project object */;
			proxyType = 1;
			remoteGlobalIDString = 3D98ADDD25B130F50006D961;
			remoteInfo = TMDB;
		};
/* End PBXContainerItemProxy section */

/* Begin PBXFileReference section */
		3D98ADDE25B130F50006D961 /* TMDB.app */ = {isa = PBXFileReference; explicitFileType = wrapper.application; includeInIndex = 0; path = TMDB.app; sourceTree = BUILT_PRODUCTS_DIR; };
		3D98ADE125B130F50006D961 /* AppDelegate.swift */ = {isa = PBXFileReference; lastKnownFileType = sourcecode.swift; path = AppDelegate.swift; sourceTree = "<group>"; };
		3D98ADE325B130F50006D961 /* ViewController.swift */ = {isa = PBXFileReference; lastKnownFileType = sourcecode.swift; path = ViewController.swift; sourceTree = "<group>"; };
		3D98ADE625B130F50006D961 /* Base */ = {isa = PBXFileReference; lastKnownFileType = file.storyboard; name = Base; path = Base.lproj/Main.storyboard; sourceTree = "<group>"; };
		3D98ADE825B130F70006D961 /* Assets.xcassets */ = {isa = PBXFileReference; lastKnownFileType = folder.assetcatalog; path = Assets.xcassets; sourceTree = "<group>"; };
		3D98ADEB25B130F70006D961 /* Base */ = {isa = PBXFileReference; lastKnownFileType = file.storyboard; name = Base; path = Base.lproj/LaunchScreen.storyboard; sourceTree = "<group>"; };
		3D98ADED25B130F70006D961 /* Info.plist */ = {isa = PBXFileReference; lastKnownFileType = text.plist.xml; path = Info.plist; sourceTree = "<group>"; };
		3D98ADF225B130F70006D961 /* TMDBTests.xctest */ = {isa = PBXFileReference; explicitFileType = wrapper.cfbundle; includeInIndex = 0; path = TMDBTests.xctest; sourceTree = BUILT_PRODUCTS_DIR; };
		3D98ADF625B130F70006D961 /* TMDBTests.swift */ = {isa = PBXFileReference; lastKnownFileType = sourcecode.swift; path = TMDBTests.swift; sourceTree = "<group>"; };
		3D98ADF825B130F70006D961 /* Info.plist */ = {isa = PBXFileReference; lastKnownFileType = text.plist.xml; path = Info.plist; sourceTree = "<group>"; };
		3D98ADFD25B130F70006D961 /* TMDBUITests.xctest */ = {isa = PBXFileReference; explicitFileType = wrapper.cfbundle; includeInIndex = 0; path = TMDBUITests.xctest; sourceTree = BUILT_PRODUCTS_DIR; };
		3D98AE0125B130F70006D961 /* TMDBUITests.swift */ = {isa = PBXFileReference; lastKnownFileType = sourcecode.swift; path = TMDBUITests.swift; sourceTree = "<group>"; };
		3D98AE0325B130F70006D961 /* Info.plist */ = {isa = PBXFileReference; lastKnownFileType = text.plist.xml; path = Info.plist; sourceTree = "<group>"; };
		3D98AE1525B132700006D961 /* Mock.xcconfig */ = {isa = PBXFileReference; lastKnownFileType = text.xcconfig; path = Mock.xcconfig; sourceTree = "<group>"; };
		3D98AE1625B132970006D961 /* Prod.xcconfig */ = {isa = PBXFileReference; lastKnownFileType = text.xcconfig; path = Prod.xcconfig; sourceTree = "<group>"; };
		3D98AE1725B133A10006D961 /* Environment.swift */ = {isa = PBXFileReference; lastKnownFileType = sourcecode.swift; path = Environment.swift; sourceTree = "<group>"; };
/* End PBXFileReference section */

/* Begin PBXFrameworksBuildPhase section */
		3D98ADDB25B130F50006D961 /* Frameworks */ = {
			isa = PBXFrameworksBuildPhase;
			buildActionMask = 2147483647;
			files = (
			);
			runOnlyForDeploymentPostprocessing = 0;
		};
		3D98ADEF25B130F70006D961 /* Frameworks */ = {
			isa = PBXFrameworksBuildPhase;
			buildActionMask = 2147483647;
			files = (
			);
			runOnlyForDeploymentPostprocessing = 0;
		};
		3D98ADFA25B130F70006D961 /* Frameworks */ = {
			isa = PBXFrameworksBuildPhase;
			buildActionMask = 2147483647;
			files = (
			);
			runOnlyForDeploymentPostprocessing = 0;
		};
/* End PBXFrameworksBuildPhase section */

/* Begin PBXGroup section */
		3D98ADD525B130F50006D961 = {
			isa = PBXGroup;
			children = (
				3D98ADE025B130F50006D961 /* TMDB */,
				3D98ADF525B130F70006D961 /* TMDBTests */,
				3D98AE0025B130F70006D961 /* TMDBUITests */,
				3D98ADDF25B130F50006D961 /* Products */,
			);
			sourceTree = "<group>";
		};
		3D98ADDF25B130F50006D961 /* Products */ = {
			isa = PBXGroup;
			children = (
				3D98ADDE25B130F50006D961 /* TMDB.app */,
				3D98ADF225B130F70006D961 /* TMDBTests.xctest */,
				3D98ADFD25B130F70006D961 /* TMDBUITests.xctest */,
			);
			name = Products;
			sourceTree = "<group>";
		};
		3D98ADE025B130F50006D961 /* TMDB */ = {
			isa = PBXGroup;
			children = (
				3D98AE1025B131900006D961 /* Config */,
				3D98ADE125B130F50006D961 /* AppDelegate.swift */,
				3D98ADE325B130F50006D961 /* ViewController.swift */,
				3D98AE0F25B1314B0006D961 /* Resources */,
				3D98ADED25B130F70006D961 /* Info.plist */,
			);
			path = TMDB;
			sourceTree = "<group>";
		};
		3D98ADF525B130F70006D961 /* TMDBTests */ = {
			isa = PBXGroup;
			children = (
				3D98ADF625B130F70006D961 /* TMDBTests.swift */,
				3D98ADF825B130F70006D961 /* Info.plist */,
			);
			path = TMDBTests;
			sourceTree = "<group>";
		};
		3D98AE0025B130F70006D961 /* TMDBUITests */ = {
			isa = PBXGroup;
			children = (
				3D98AE0125B130F70006D961 /* TMDBUITests.swift */,
				3D98AE0325B130F70006D961 /* Info.plist */,
			);
			path = TMDBUITests;
			sourceTree = "<group>";
		};
		3D98AE0F25B1314B0006D961 /* Resources */ = {
			isa = PBXGroup;
			children = (
				3D98ADE525B130F50006D961 /* Main.storyboard */,
				3D98ADE825B130F70006D961 /* Assets.xcassets */,
				3D98ADEA25B130F70006D961 /* LaunchScreen.storyboard */,
			);
			path = Resources;
			sourceTree = "<group>";
		};
		3D98AE1025B131900006D961 /* Config */ = {
			isa = PBXGroup;
			children = (
				3D98AE1525B132700006D961 /* Mock.xcconfig */,
				3D98AE1625B132970006D961 /* Prod.xcconfig */,
				3D98AE1725B133A10006D961 /* Environment.swift */,
			);
			path = Config;
			sourceTree = "<group>";
		};
/* End PBXGroup section */

/* Begin PBXNativeTarget section */
		3D98ADDD25B130F50006D961 /* TMDB */ = {
			isa = PBXNativeTarget;
			buildConfigurationList = 3D98AE0625B130F70006D961 /* Build configuration list for PBXNativeTarget "TMDB" */;
			buildPhases = (
				3D98ADDA25B130F50006D961 /* Sources */,
				3D98ADDB25B130F50006D961 /* Frameworks */,
				3D98ADDC25B130F50006D961 /* Resources */,
			);
			buildRules = (
			);
			dependencies = (
			);
			name = TMDB;
			productName = TMDB;
			productReference = 3D98ADDE25B130F50006D961 /* TMDB.app */;
			productType = "com.apple.product-type.application";
		};
		3D98ADF125B130F70006D961 /* TMDBTests */ = {
			isa = PBXNativeTarget;
			buildConfigurationList = 3D98AE0925B130F70006D961 /* Build configuration list for PBXNativeTarget "TMDBTests" */;
			buildPhases = (
				3D98ADEE25B130F70006D961 /* Sources */,
				3D98ADEF25B130F70006D961 /* Frameworks */,
				3D98ADF025B130F70006D961 /* Resources */,
			);
			buildRules = (
			);
			dependencies = (
				3D98ADF425B130F70006D961 /* PBXTargetDependency */,
			);
			name = TMDBTests;
			productName = TMDBTests;
			productReference = 3D98ADF225B130F70006D961 /* TMDBTests.xctest */;
			productType = "com.apple.product-type.bundle.unit-test";
		};
		3D98ADFC25B130F70006D961 /* TMDBUITests */ = {
			isa = PBXNativeTarget;
			buildConfigurationList = 3D98AE0C25B130F70006D961 /* Build configuration list for PBXNativeTarget "TMDBUITests" */;
			buildPhases = (
				3D98ADF925B130F70006D961 /* Sources */,
				3D98ADFA25B130F70006D961 /* Frameworks */,
				3D98ADFB25B130F70006D961 /* Resources */,
			);
			buildRules = (
			);
			dependencies = (
				3D98ADFF25B130F70006D961 /* PBXTargetDependency */,
			);
			name = TMDBUITests;
			productName = TMDBUITests;
			productReference = 3D98ADFD25B130F70006D961 /* TMDBUITests.xctest */;
			productType = "com.apple.product-type.bundle.ui-testing";
		};
/* End PBXNativeTarget section */

/* Begin PBXProject section */
		3D98ADD625B130F50006D961 /* Project object */ = {
			isa = PBXProject;
			attributes = {
				LastSwiftUpdateCheck = 1000;
				LastUpgradeCheck = 1000;
				ORGANIZATIONNAME = JoseLR;
				TargetAttributes = {
					3D98ADDD25B130F50006D961 = {
						CreatedOnToolsVersion = 10.0;
					};
					3D98ADF125B130F70006D961 = {
						CreatedOnToolsVersion = 10.0;
						TestTargetID = 3D98ADDD25B130F50006D961;
					};
					3D98ADFC25B130F70006D961 = {
						CreatedOnToolsVersion = 10.0;
						TestTargetID = 3D98ADDD25B130F50006D961;
					};
				};
			};
			buildConfigurationList = 3D98ADD925B130F50006D961 /* Build configuration list for PBXProject "TMDB" */;
			compatibilityVersion = "Xcode 9.3";
			developmentRegion = en;
			hasScannedForEncodings = 0;
			knownRegions = (
				en,
				Base,
			);
			mainGroup = 3D98ADD525B130F50006D961;
			productRefGroup = 3D98ADDF25B130F50006D961 /* Products */;
			projectDirPath = "";
			projectRoot = "";
			targets = (
				3D98ADDD25B130F50006D961 /* TMDB */,
				3D98ADF125B130F70006D961 /* TMDBTests */,
				3D98ADFC25B130F70006D961 /* TMDBUITests */,
			);
		};
/* End PBXProject section */

/* Begin PBXResourcesBuildPhase section */
		3D98ADDC25B130F50006D961 /* Resources */ = {
			isa = PBXResourcesBuildPhase;
			buildActionMask = 2147483647;
			files = (
				3D98ADEC25B130F70006D961 /* LaunchScreen.storyboard in Resources */,
				3D98ADE925B130F70006D961 /* Assets.xcassets in Resources */,
				3D98ADE725B130F50006D961 /* Main.storyboard in Resources */,
			);
			runOnlyForDeploymentPostprocessing = 0;
		};
		3D98ADF025B130F70006D961 /* Resources */ = {
			isa = PBXResourcesBuildPhase;
			buildActionMask = 2147483647;
			files = (
			);
			runOnlyForDeploymentPostprocessing = 0;
		};
		3D98ADFB25B130F70006D961 /* Resources */ = {
			isa = PBXResourcesBuildPhase;
			buildActionMask = 2147483647;
			files = (
			);
			runOnlyForDeploymentPostprocessing = 0;
		};
/* End PBXResourcesBuildPhase section */

/* Begin PBXSourcesBuildPhase section */
		3D98ADDA25B130F50006D961 /* Sources */ = {
			isa = PBXSourcesBuildPhase;
			buildActionMask = 2147483647;
			files = (
				3D98ADE425B130F50006D961 /* ViewController.swift in Sources */,
				3D98AE1825B133A10006D961 /* Environment.swift in Sources */,
				3D98ADE225B130F50006D961 /* AppDelegate.swift in Sources */,
			);
			runOnlyForDeploymentPostprocessing = 0;
		};
		3D98ADEE25B130F70006D961 /* Sources */ = {
			isa = PBXSourcesBuildPhase;
			buildActionMask = 2147483647;
			files = (
				3D98ADF725B130F70006D961 /* TMDBTests.swift in Sources */,
			);
			runOnlyForDeploymentPostprocessing = 0;
		};
		3D98ADF925B130F70006D961 /* Sources */ = {
			isa = PBXSourcesBuildPhase;
			buildActionMask = 2147483647;
			files = (
				3D98AE0225B130F70006D961 /* TMDBUITests.swift in Sources */,
			);
			runOnlyForDeploymentPostprocessing = 0;
		};
/* End PBXSourcesBuildPhase section */

/* Begin PBXTargetDependency section */
		3D98ADF425B130F70006D961 /* PBXTargetDependency */ = {
			isa = PBXTargetDependency;
			target = 3D98ADDD25B130F50006D961 /* TMDB */;
			targetProxy = 3D98ADF325B130F70006D961 /* PBXContainerItemProxy */;
		};
		3D98ADFF25B130F70006D961 /* PBXTargetDependency */ = {
			isa = PBXTargetDependency;
			target = 3D98ADDD25B130F50006D961 /* TMDB */;
			targetProxy = 3D98ADFE25B130F70006D961 /* PBXContainerItemProxy */;
		};
/* End PBXTargetDependency section */

/* Begin PBXVariantGroup section */
		3D98ADE525B130F50006D961 /* Main.storyboard */ = {
			isa = PBXVariantGroup;
			children = (
				3D98ADE625B130F50006D961 /* Base */,
			);
			name = Main.storyboard;
			sourceTree = "<group>";
		};
		3D98ADEA25B130F70006D961 /* LaunchScreen.storyboard */ = {
			isa = PBXVariantGroup;
			children = (
				3D98ADEB25B130F70006D961 /* Base */,
			);
			name = LaunchScreen.storyboard;
			sourceTree = "<group>";
		};
/* End PBXVariantGroup section */

/* Begin XCBuildConfiguration section */
		3D98AE0425B130F70006D961 /* Debug (Mock) */ = {
			isa = XCBuildConfiguration;
			baseConfigurationReference = 3D98AE1525B132700006D961 /* Mock.xcconfig */;
			buildSettings = {
				ALWAYS_SEARCH_USER_PATHS = NO;
				CLANG_ANALYZER_NONNULL = YES;
				CLANG_ANALYZER_NUMBER_OBJECT_CONVERSION = YES_AGGRESSIVE;
				CLANG_CXX_LANGUAGE_STANDARD = "gnu++14";
				CLANG_CXX_LIBRARY = "libc++";
				CLANG_ENABLE_MODULES = YES;
				CLANG_ENABLE_OBJC_ARC = YES;
				CLANG_ENABLE_OBJC_WEAK = YES;
				CLANG_WARN_BLOCK_CAPTURE_AUTORELEASING = YES;
				CLANG_WARN_BOOL_CONVERSION = YES;
				CLANG_WARN_COMMA = YES;
				CLANG_WARN_CONSTANT_CONVERSION = YES;
				CLANG_WARN_DEPRECATED_OBJC_IMPLEMENTATIONS = YES;
				CLANG_WARN_DIRECT_OBJC_ISA_USAGE = YES_ERROR;
				CLANG_WARN_DOCUMENTATION_COMMENTS = YES;
				CLANG_WARN_EMPTY_BODY = YES;
				CLANG_WARN_ENUM_CONVERSION = YES;
				CLANG_WARN_INFINITE_RECURSION = YES;
				CLANG_WARN_INT_CONVERSION = YES;
				CLANG_WARN_NON_LITERAL_NULL_CONVERSION = YES;
				CLANG_WARN_OBJC_IMPLICIT_RETAIN_SELF = YES;
				CLANG_WARN_OBJC_LITERAL_CONVERSION = YES;
				CLANG_WARN_OBJC_ROOT_CLASS = YES_ERROR;
				CLANG_WARN_RANGE_LOOP_ANALYSIS = YES;
				CLANG_WARN_STRICT_PROTOTYPES = YES;
				CLANG_WARN_SUSPICIOUS_MOVE = YES;
				CLANG_WARN_UNGUARDED_AVAILABILITY = YES_AGGRESSIVE;
				CLANG_WARN_UNREACHABLE_CODE = YES;
				CLANG_WARN__DUPLICATE_METHOD_MATCH = YES;
				CODE_SIGN_IDENTITY = "iPhone Developer";
				COPY_PHASE_STRIP = NO;
				DEBUG_INFORMATION_FORMAT = dwarf;
				ENABLE_STRICT_OBJC_MSGSEND = YES;
				ENABLE_TESTABILITY = YES;
				GCC_C_LANGUAGE_STANDARD = gnu11;
				GCC_DYNAMIC_NO_PIC = NO;
				GCC_NO_COMMON_BLOCKS = YES;
				GCC_OPTIMIZATION_LEVEL = 0;
				GCC_PREPROCESSOR_DEFINITIONS = (
					"DEBUG=1",
					"$(inherited)",
				);
				GCC_WARN_64_TO_32_BIT_CONVERSION = YES;
				GCC_WARN_ABOUT_RETURN_TYPE = YES_ERROR;
				GCC_WARN_UNDECLARED_SELECTOR = YES;
				GCC_WARN_UNINITIALIZED_AUTOS = YES_AGGRESSIVE;
				GCC_WARN_UNUSED_FUNCTION = YES;
				GCC_WARN_UNUSED_VARIABLE = YES;
				IPHONEOS_DEPLOYMENT_TARGET = 12.0;
				MTL_ENABLE_DEBUG_INFO = INCLUDE_SOURCE;
				MTL_FAST_MATH = YES;
				ONLY_ACTIVE_ARCH = YES;
				SDKROOT = iphoneos;
				SWIFT_ACTIVE_COMPILATION_CONDITIONS = DEBUG;
				SWIFT_OPTIMIZATION_LEVEL = "-Onone";
			};
			name = "Debug (Mock)";
		};
		3D98AE0525B130F70006D961 /* Release (Prod) */ = {
			isa = XCBuildConfiguration;
			baseConfigurationReference = 3D98AE1625B132970006D961 /* Prod.xcconfig */;
			buildSettings = {
				ALWAYS_SEARCH_USER_PATHS = NO;
				CLANG_ANALYZER_NONNULL = YES;
				CLANG_ANALYZER_NUMBER_OBJECT_CONVERSION = YES_AGGRESSIVE;
				CLANG_CXX_LANGUAGE_STANDARD = "gnu++14";
				CLANG_CXX_LIBRARY = "libc++";
				CLANG_ENABLE_MODULES = YES;
				CLANG_ENABLE_OBJC_ARC = YES;
				CLANG_ENABLE_OBJC_WEAK = YES;
				CLANG_WARN_BLOCK_CAPTURE_AUTORELEASING = YES;
				CLANG_WARN_BOOL_CONVERSION = YES;
				CLANG_WARN_COMMA = YES;
				CLANG_WARN_CONSTANT_CONVERSION = YES;
				CLANG_WARN_DEPRECATED_OBJC_IMPLEMENTATIONS = YES;
				CLANG_WARN_DIRECT_OBJC_ISA_USAGE = YES_ERROR;
				CLANG_WARN_DOCUMENTATION_COMMENTS = YES;
				CLANG_WARN_EMPTY_BODY = YES;
				CLANG_WARN_ENUM_CONVERSION = YES;
				CLANG_WARN_INFINITE_RECURSION = YES;
				CLANG_WARN_INT_CONVERSION = YES;
				CLANG_WARN_NON_LITERAL_NULL_CONVERSION = YES;
				CLANG_WARN_OBJC_IMPLICIT_RETAIN_SELF = YES;
				CLANG_WARN_OBJC_LITERAL_CONVERSION = YES;
				CLANG_WARN_OBJC_ROOT_CLASS = YES_ERROR;
				CLANG_WARN_RANGE_LOOP_ANALYSIS = YES;
				CLANG_WARN_STRICT_PROTOTYPES = YES;
				CLANG_WARN_SUSPICIOUS_MOVE = YES;
				CLANG_WARN_UNGUARDED_AVAILABILITY = YES_AGGRESSIVE;
				CLANG_WARN_UNREACHABLE_CODE = YES;
				CLANG_WARN__DUPLICATE_METHOD_MATCH = YES;
				CODE_SIGN_IDENTITY = "iPhone Developer";
				COPY_PHASE_STRIP = NO;
				DEBUG_INFORMATION_FORMAT = "dwarf-with-dsym";
				ENABLE_NS_ASSERTIONS = NO;
				ENABLE_STRICT_OBJC_MSGSEND = YES;
				GCC_C_LANGUAGE_STANDARD = gnu11;
				GCC_NO_COMMON_BLOCKS = YES;
				GCC_WARN_64_TO_32_BIT_CONVERSION = YES;
				GCC_WARN_ABOUT_RETURN_TYPE = YES_ERROR;
				GCC_WARN_UNDECLARED_SELECTOR = YES;
				GCC_WARN_UNINITIALIZED_AUTOS = YES_AGGRESSIVE;
				GCC_WARN_UNUSED_FUNCTION = YES;
				GCC_WARN_UNUSED_VARIABLE = YES;
				IPHONEOS_DEPLOYMENT_TARGET = 12.0;
				MTL_ENABLE_DEBUG_INFO = NO;
				MTL_FAST_MATH = YES;
				SDKROOT = iphoneos;
				SWIFT_COMPILATION_MODE = wholemodule;
				SWIFT_OPTIMIZATION_LEVEL = "-O";
				VALIDATE_PRODUCT = YES;
			};
			name = "Release (Prod)";
		};
		3D98AE0725B130F70006D961 /* Debug (Mock) */ = {
			isa = XCBuildConfiguration;
			baseConfigurationReference = 3D98AE1525B132700006D961 /* Mock.xcconfig */;
			buildSettings = {
				ASSETCATALOG_COMPILER_APPICON_NAME = AppIcon;
				CODE_SIGN_STYLE = Automatic;
				DEVELOPMENT_TEAM = 4MYUEZ763T;
				INFOPLIST_FILE = TMDB/Info.plist;
				LD_RUNPATH_SEARCH_PATHS = (
					"$(inherited)",
					"@executable_path/Frameworks",
				);
				PRODUCT_BUNDLE_IDENTIFIER = com.jlr.TMDB;
				PRODUCT_NAME = "$(TARGET_NAME)";
				SWIFT_VERSION = 4.2;
				TARGETED_DEVICE_FAMILY = "1,2";
			};
			name = "Debug (Mock)";
		};
		3D98AE0825B130F70006D961 /* Release (Prod) */ = {
			isa = XCBuildConfiguration;
			baseConfigurationReference = 3D98AE1625B132970006D961 /* Prod.xcconfig */;
			buildSettings = {
				ASSETCATALOG_COMPILER_APPICON_NAME = AppIcon;
				CODE_SIGN_STYLE = Automatic;
				DEVELOPMENT_TEAM = 4MYUEZ763T;
				INFOPLIST_FILE = TMDB/Info.plist;
				LD_RUNPATH_SEARCH_PATHS = (
					"$(inherited)",
					"@executable_path/Frameworks",
				);
				PRODUCT_BUNDLE_IDENTIFIER = com.jlr.TMDB;
				PRODUCT_NAME = "$(TARGET_NAME)";
				SWIFT_VERSION = 4.2;
				TARGETED_DEVICE_FAMILY = "1,2";
			};
			name = "Release (Prod)";
		};
		3D98AE0A25B130F70006D961 /* Debug (Mock) */ = {
			isa = XCBuildConfiguration;
			baseConfigurationReference = 3D98AE1525B132700006D961 /* Mock.xcconfig */;
			buildSettings = {
				ALWAYS_EMBED_SWIFT_STANDARD_LIBRARIES = YES;
				BUNDLE_LOADER = "$(TEST_HOST)";
				CODE_SIGN_STYLE = Automatic;
				DEVELOPMENT_TEAM = 4MYUEZ763T;
				INFOPLIST_FILE = TMDBTests/Info.plist;
				LD_RUNPATH_SEARCH_PATHS = (
					"$(inherited)",
					"@executable_path/Frameworks",
					"@loader_path/Frameworks",
				);
				PRODUCT_BUNDLE_IDENTIFIER = com.jlr.TMDBTests;
				PRODUCT_NAME = "$(TARGET_NAME)";
				SWIFT_VERSION = 4.2;
				TARGETED_DEVICE_FAMILY = "1,2";
				TEST_HOST = "$(BUILT_PRODUCTS_DIR)/TMDB.app/TMDB";
			};
			name = "Debug (Mock)";
		};
		3D98AE0B25B130F70006D961 /* Release (Prod) */ = {
			isa = XCBuildConfiguration;
			baseConfigurationReference = 3D98AE1625B132970006D961 /* Prod.xcconfig */;
			buildSettings = {
				ALWAYS_EMBED_SWIFT_STANDARD_LIBRARIES = YES;
				BUNDLE_LOADER = "$(TEST_HOST)";
				CODE_SIGN_STYLE = Automatic;
				DEVELOPMENT_TEAM = 4MYUEZ763T;
				INFOPLIST_FILE = TMDBTests/Info.plist;
				LD_RUNPATH_SEARCH_PATHS = (
					"$(inherited)",
					"@executable_path/Frameworks",
					"@loader_path/Frameworks",
				);
				PRODUCT_BUNDLE_IDENTIFIER = com.jlr.TMDBTests;
				PRODUCT_NAME = "$(TARGET_NAME)";
				SWIFT_VERSION = 4.2;
				TARGETED_DEVICE_FAMILY = "1,2";
				TEST_HOST = "$(BUILT_PRODUCTS_DIR)/TMDB.app/TMDB";
			};
			name = "Release (Prod)";
		};
		3D98AE0D25B130F70006D961 /* Debug (Mock) */ = {
			isa = XCBuildConfiguration;
			baseConfigurationReference = 3D98AE1525B132700006D961 /* Mock.xcconfig */;
			buildSettings = {
				ALWAYS_EMBED_SWIFT_STANDARD_LIBRARIES = YES;
				CODE_SIGN_STYLE = Automatic;
				DEVELOPMENT_TEAM = 4MYUEZ763T;
				INFOPLIST_FILE = TMDBUITests/Info.plist;
				LD_RUNPATH_SEARCH_PATHS = (
					"$(inherited)",
					"@executable_path/Frameworks",
					"@loader_path/Frameworks",
				);
				PRODUCT_BUNDLE_IDENTIFIER = com.jlr.TMDBUITests;
				PRODUCT_NAME = "$(TARGET_NAME)";
				SWIFT_VERSION = 4.2;
				TARGETED_DEVICE_FAMILY = "1,2";
				TEST_TARGET_NAME = TMDB;
			};
			name = "Debug (Mock)";
		};
		3D98AE0E25B130F70006D961 /* Release (Prod) */ = {
			isa = XCBuildConfiguration;
			baseConfigurationReference = 3D98AE1625B132970006D961 /* Prod.xcconfig */;
			buildSettings = {
				ALWAYS_EMBED_SWIFT_STANDARD_LIBRARIES = YES;
				CODE_SIGN_STYLE = Automatic;
				DEVELOPMENT_TEAM = 4MYUEZ763T;
				INFOPLIST_FILE = TMDBUITests/Info.plist;
				LD_RUNPATH_SEARCH_PATHS = (
					"$(inherited)",
					"@executable_path/Frameworks",
					"@loader_path/Frameworks",
				);
				PRODUCT_BUNDLE_IDENTIFIER = com.jlr.TMDBUITests;
				PRODUCT_NAME = "$(TARGET_NAME)";
				SWIFT_VERSION = 4.2;
				TARGETED_DEVICE_FAMILY = "1,2";
				TEST_TARGET_NAME = TMDB;
			};
			name = "Release (Prod)";
		};
		3D98AE1125B131CB0006D961 /* Debug (Prod) */ = {
			isa = XCBuildConfiguration;
			baseConfigurationReference = 3D98AE1625B132970006D961 /* Prod.xcconfig */;
			buildSettings = {
				ALWAYS_SEARCH_USER_PATHS = NO;
				CLANG_ANALYZER_NONNULL = YES;
				CLANG_ANALYZER_NUMBER_OBJECT_CONVERSION = YES_AGGRESSIVE;
				CLANG_CXX_LANGUAGE_STANDARD = "gnu++14";
				CLANG_CXX_LIBRARY = "libc++";
				CLANG_ENABLE_MODULES = YES;
				CLANG_ENABLE_OBJC_ARC = YES;
				CLANG_ENABLE_OBJC_WEAK = YES;
				CLANG_WARN_BLOCK_CAPTURE_AUTORELEASING = YES;
				CLANG_WARN_BOOL_CONVERSION = YES;
				CLANG_WARN_COMMA = YES;
				CLANG_WARN_CONSTANT_CONVERSION = YES;
				CLANG_WARN_DEPRECATED_OBJC_IMPLEMENTATIONS = YES;
				CLANG_WARN_DIRECT_OBJC_ISA_USAGE = YES_ERROR;
				CLANG_WARN_DOCUMENTATION_COMMENTS = YES;
				CLANG_WARN_EMPTY_BODY = YES;
				CLANG_WARN_ENUM_CONVERSION = YES;
				CLANG_WARN_INFINITE_RECURSION = YES;
				CLANG_WARN_INT_CONVERSION = YES;
				CLANG_WARN_NON_LITERAL_NULL_CONVERSION = YES;
				CLANG_WARN_OBJC_IMPLICIT_RETAIN_SELF = YES;
				CLANG_WARN_OBJC_LITERAL_CONVERSION = YES;
				CLANG_WARN_OBJC_ROOT_CLASS = YES_ERROR;
				CLANG_WARN_RANGE_LOOP_ANALYSIS = YES;
				CLANG_WARN_STRICT_PROTOTYPES = YES;
				CLANG_WARN_SUSPICIOUS_MOVE = YES;
				CLANG_WARN_UNGUARDED_AVAILABILITY = YES_AGGRESSIVE;
				CLANG_WARN_UNREACHABLE_CODE = YES;
				CLANG_WARN__DUPLICATE_METHOD_MATCH = YES;
				CODE_SIGN_IDENTITY = "iPhone Developer";
				COPY_PHASE_STRIP = NO;
				DEBUG_INFORMATION_FORMAT = dwarf;
				ENABLE_STRICT_OBJC_MSGSEND = YES;
				ENABLE_TESTABILITY = YES;
				GCC_C_LANGUAGE_STANDARD = gnu11;
				GCC_DYNAMIC_NO_PIC = NO;
				GCC_NO_COMMON_BLOCKS = YES;
				GCC_OPTIMIZATION_LEVEL = 0;
				GCC_PREPROCESSOR_DEFINITIONS = (
					"DEBUG=1",
					"$(inherited)",
				);
				GCC_WARN_64_TO_32_BIT_CONVERSION = YES;
				GCC_WARN_ABOUT_RETURN_TYPE = YES_ERROR;
				GCC_WARN_UNDECLARED_SELECTOR = YES;
				GCC_WARN_UNINITIALIZED_AUTOS = YES_AGGRESSIVE;
				GCC_WARN_UNUSED_FUNCTION = YES;
				GCC_WARN_UNUSED_VARIABLE = YES;
				IPHONEOS_DEPLOYMENT_TARGET = 12.0;
				MTL_ENABLE_DEBUG_INFO = INCLUDE_SOURCE;
				MTL_FAST_MATH = YES;
				ONLY_ACTIVE_ARCH = YES;
				SDKROOT = iphoneos;
				SWIFT_ACTIVE_COMPILATION_CONDITIONS = DEBUG;
				SWIFT_OPTIMIZATION_LEVEL = "-Onone";
			};
			name = "Debug (Prod)";
		};
		3D98AE1225B131CB0006D961 /* Debug (Prod) */ = {
			isa = XCBuildConfiguration;
			baseConfigurationReference = 3D98AE1625B132970006D961 /* Prod.xcconfig */;
			buildSettings = {
				ASSETCATALOG_COMPILER_APPICON_NAME = AppIcon;
				CODE_SIGN_STYLE = Automatic;
				DEVELOPMENT_TEAM = 4MYUEZ763T;
				INFOPLIST_FILE = TMDB/Info.plist;
				LD_RUNPATH_SEARCH_PATHS = (
					"$(inherited)",
					"@executable_path/Frameworks",
				);
				PRODUCT_BUNDLE_IDENTIFIER = com.jlr.TMDB;
				PRODUCT_NAME = "$(TARGET_NAME)";
				SWIFT_VERSION = 4.2;
				TARGETED_DEVICE_FAMILY = "1,2";
			};
			name = "Debug (Prod)";
		};
		3D98AE1325B131CB0006D961 /* Debug (Prod) */ = {
			isa = XCBuildConfiguration;
			baseConfigurationReference = 3D98AE1625B132970006D961 /* Prod.xcconfig */;
			buildSettings = {
				ALWAYS_EMBED_SWIFT_STANDARD_LIBRARIES = YES;
				BUNDLE_LOADER = "$(TEST_HOST)";
				CODE_SIGN_STYLE = Automatic;
				DEVELOPMENT_TEAM = 4MYUEZ763T;
				INFOPLIST_FILE = TMDBTests/Info.plist;
				LD_RUNPATH_SEARCH_PATHS = (
					"$(inherited)",
					"@executable_path/Frameworks",
					"@loader_path/Frameworks",
				);
				PRODUCT_BUNDLE_IDENTIFIER = com.jlr.TMDBTests;
				PRODUCT_NAME = "$(TARGET_NAME)";
				SWIFT_VERSION = 4.2;
				TARGETED_DEVICE_FAMILY = "1,2";
				TEST_HOST = "$(BUILT_PRODUCTS_DIR)/TMDB.app/TMDB";
			};
			name = "Debug (Prod)";
		};
		3D98AE1425B131CB0006D961 /* Debug (Prod) */ = {
			isa = XCBuildConfiguration;
			baseConfigurationReference = 3D98AE1625B132970006D961 /* Prod.xcconfig */;
			buildSettings = {
				ALWAYS_EMBED_SWIFT_STANDARD_LIBRARIES = YES;
				CODE_SIGN_STYLE = Automatic;
				DEVELOPMENT_TEAM = 4MYUEZ763T;
				INFOPLIST_FILE = TMDBUITests/Info.plist;
				LD_RUNPATH_SEARCH_PATHS = (
					"$(inherited)",
					"@executable_path/Frameworks",
					"@loader_path/Frameworks",
				);
				PRODUCT_BUNDLE_IDENTIFIER = com.jlr.TMDBUITests;
				PRODUCT_NAME = "$(TARGET_NAME)";
				SWIFT_VERSION = 4.2;
				TARGETED_DEVICE_FAMILY = "1,2";
				TEST_TARGET_NAME = TMDB;
			};
			name = "Debug (Prod)";
		};
/* End XCBuildConfiguration section */

/* Begin XCConfigurationList section */
		3D98ADD925B130F50006D961 /* Build configuration list for PBXProject "TMDB" */ = {
			isa = XCConfigurationList;
			buildConfigurations = (
				3D98AE0425B130F70006D961 /* Debug (Mock) */,
				3D98AE1125B131CB0006D961 /* Debug (Prod) */,
				3D98AE0525B130F70006D961 /* Release (Prod) */,
			);
			defaultConfigurationIsVisible = 0;
			defaultConfigurationName = "Release (Prod)";
		};
		3D98AE0625B130F70006D961 /* Build configuration list for PBXNativeTarget "TMDB" */ = {
			isa = XCConfigurationList;
			buildConfigurations = (
				3D98AE0725B130F70006D961 /* Debug (Mock) */,
				3D98AE1225B131CB0006D961 /* Debug (Prod) */,
				3D98AE0825B130F70006D961 /* Release (Prod) */,
			);
			defaultConfigurationIsVisible = 0;
			defaultConfigurationName = "Release (Prod)";
		};
		3D98AE0925B130F70006D961 /* Build configuration list for PBXNativeTarget "TMDBTests" */ = {
			isa = XCConfigurationList;
			buildConfigurations = (
				3D98AE0A25B130F70006D961 /* Debug (Mock) */,
				3D98AE1325B131CB0006D961 /* Debug (Prod) */,
				3D98AE0B25B130F70006D961 /* Release (Prod) */,
			);
			defaultConfigurationIsVisible = 0;
			defaultConfigurationName = "Release (Prod)";
		};
		3D98AE0C25B130F70006D961 /* Build configuration list for PBXNativeTarget "TMDBUITests" */ = {
			isa = XCConfigurationList;
			buildConfigurations = (
				3D98AE0D25B130F70006D961 /* Debug (Mock) */,
				3D98AE1425B131CB0006D961 /* Debug (Prod) */,
				3D98AE0E25B130F70006D961 /* Release (Prod) */,
			);
			defaultConfigurationIsVisible = 0;
			defaultConfigurationName = "Release (Prod)";
		};
/* End XCConfigurationList section */
	};
	rootObject = 3D98ADD625B130F50006D961 /* Project object */;
}
